
Microsoft Visual Studio Solution File, Format Version 12.00
# Visual Studio Version 17
VisualStudioVersion = 17.8.34408.163
MinimumVisualStudioVersion = 10.0.40219.1
Project("{2150E333-8FDC-42A3-9474-1A3956D46DE8}") = "src", "src", "{B55EF854-FBD8-43E5-B693-835E92C58EB1}"
EndProject
Project("{2150E333-8FDC-42A3-9474-1A3956D46DE8}") = "Api", "Api", "{D3346615-CE2E-414B-A847-504458EFA207}"
EndProject
Project("{2150E333-8FDC-42A3-9474-1A3956D46DE8}") = "Clients", "Clients", "{96CBE4F5-0353-45C3-9BB0-D725C3C557ED}"
EndProject
Project("{2150E333-8FDC-42A3-9474-1A3956D46DE8}") = "Common", "Common", "{9C1635CF-260C-4E29-AB50-648AC985215D}"
EndProject
Project("{2150E333-8FDC-42A3-9474-1A3956D46DE8}") = "Projections", "Projections", "{07A2DFAE-631A-4E69-81C9-7EC3B6DB72F8}"
EndProject
Project("{2150E333-8FDC-42A3-9474-1A3956D46DE8}") = "Core", "Core", "{E6739CCA-F5EB-4749-AC57-14BB7B7C343A}"
EndProject
Project("{2150E333-8FDC-42A3-9474-1A3956D46DE8}") = "Infrastructure", "Infrastructure", "{A9DA02A1-9888-4E68-9BA4-053DB108A2F3}"
EndProject
Project("{2150E333-8FDC-42A3-9474-1A3956D46DE8}") = "WebApi", "WebApi", "{8F3FA6B9-2A2B-4C4C-8BDD-C457CB95CF30}"
EndProject
Project("{2150E333-8FDC-42A3-9474-1A3956D46DE8}") = "BlazorWeb", "BlazorWeb", "{94BECCE1-0BCE-46D6-84B4-8B0590FD1D37}"
EndProject
Project("{FAE04EC0-301F-11D3-BF4B-00C04F79EFBC}") = "BlazorSozluk.Common", "src\Common\BlazorSozluk.Common\BlazorSozluk.Common.csproj", "{0B017803-83DE-4BDD-901A-99C5560F86B1}"
EndProject
Project("{FAE04EC0-301F-11D3-BF4B-00C04F79EFBC}") = "BlazorSozluk.Api.Domain", "src\Api\Core\BlazorSozluk.Api.Domain\BlazorSozluk.Api.Domain.csproj", "{7DDDB9CA-3FD8-44B6-A1D5-42FB7D864620}"
EndProject
Project("{FAE04EC0-301F-11D3-BF4B-00C04F79EFBC}") = "BlazorSozluk.Infrastructure.Persistence", "src\Api\Infrastructure\BlazorSozluk.Infrastructure.Persistence\BlazorSozluk.Infrastructure.Persistence.csproj", "{4F5D2F3C-7B87-4742-913C-FEC0F8B57DF0}"
EndProject
Project("{FAE04EC0-301F-11D3-BF4B-00C04F79EFBC}") = "BlazorSozluk.Api.Application", "src\Api\Core\BlazorSozluk.Api.Application\BlazorSozluk.Api.Application.csproj", "{904A74C0-5DFF-45A1-9331-2A94CE9D50BE}"
EndProject
Project("{FAE04EC0-301F-11D3-BF4B-00C04F79EFBC}") = "BlazorSozluk.Api.WebApi", "src\Api\WebApi\BlazorSozluk.Api.WebApi\BlazorSozluk.Api.WebApi.csproj", "{9CA337E3-E766-471D-B172-3EC72FF054B8}"
EndProject
Project("{FAE04EC0-301F-11D3-BF4B-00C04F79EFBC}") = "BlazorSozluk.Projections.FavoriteService", "src\Projections\BlazorSozluk.Projections.FavoriteService\BlazorSozluk.Projections.FavoriteService.csproj", "{798CD26C-A4BF-4602-89EA-34F0D54990C3}"
EndProject
Project("{FAE04EC0-301F-11D3-BF4B-00C04F79EFBC}") = "BlazorSozluk.Projections.VoteService", "src\Projections\BlazorSozluk.Projections.VoteService\BlazorSozluk.Projections.VoteService.csproj", "{725321C2-136B-43D3-AE34-FBEF78FAAB4D}"
EndProject
Project("{FAE04EC0-301F-11D3-BF4B-00C04F79EFBC}") = "BlazorSozluk.Projections.UserService", "src\Projections\BlazorSozluk.Projections.UserService\BlazorSozluk.Projections.UserService.csproj", "{25DA3CAE-C686-4677-A78B-569C94C87C9D}"
EndProject
Project("{FAE04EC0-301F-11D3-BF4B-00C04F79EFBC}") = "BlazorSozluk.WebApp", "src\Clients\BlazorWeb\BlazorSozluk.WebApp\BlazorSozluk.WebApp.csproj", "{CEF7E7D4-B6C6-4079-8E62-D24B1E077C22}"
EndProject
Global
	GlobalSection(SolutionConfigurationPlatforms) = preSolution
		Debug|Any CPU = Debug|Any CPU
		Release|Any CPU = Release|Any CPU
	EndGlobalSection
	GlobalSection(ProjectConfigurationPlatforms) = postSolution
		{0B017803-83DE-4BDD-901A-99C5560F86B1}.Debug|Any CPU.ActiveCfg = Debug|Any CPU
		{0B017803-83DE-4BDD-901A-99C5560F86B1}.Debug|Any CPU.Build.0 = Debug|Any CPU
		{0B017803-83DE-4BDD-901A-99C5560F86B1}.Release|Any CPU.ActiveCfg = Release|Any CPU
		{0B017803-83DE-4BDD-901A-99C5560F86B1}.Release|Any CPU.Build.0 = Release|Any CPU
		{7DDDB9CA-3FD8-44B6-A1D5-42FB7D864620}.Debug|Any CPU.ActiveCfg = Debug|Any CPU
		{7DDDB9CA-3FD8-44B6-A1D5-42FB7D864620}.Debug|Any CPU.Build.0 = Debug|Any CPU
		{7DDDB9CA-3FD8-44B6-A1D5-42FB7D864620}.Release|Any CPU.ActiveCfg = Release|Any CPU
		{7DDDB9CA-3FD8-44B6-A1D5-42FB7D864620}.Release|Any CPU.Build.0 = Release|Any CPU
		{4F5D2F3C-7B87-4742-913C-FEC0F8B57DF0}.Debug|Any CPU.ActiveCfg = Debug|Any CPU
		{4F5D2F3C-7B87-4742-913C-FEC0F8B57DF0}.Debug|Any CPU.Build.0 = Debug|Any CPU
		{4F5D2F3C-7B87-4742-913C-FEC0F8B57DF0}.Release|Any CPU.ActiveCfg = Release|Any CPU
		{4F5D2F3C-7B87-4742-913C-FEC0F8B57DF0}.Release|Any CPU.Build.0 = Release|Any CPU
		{904A74C0-5DFF-45A1-9331-2A94CE9D50BE}.Debug|Any CPU.ActiveCfg = Debug|Any CPU
		{904A74C0-5DFF-45A1-9331-2A94CE9D50BE}.Debug|Any CPU.Build.0 = Debug|Any CPU
		{904A74C0-5DFF-45A1-9331-2A94CE9D50BE}.Release|Any CPU.ActiveCfg = Release|Any CPU
		{904A74C0-5DFF-45A1-9331-2A94CE9D50BE}.Release|Any CPU.Build.0 = Release|Any CPU
		{9CA337E3-E766-471D-B172-3EC72FF054B8}.Debug|Any CPU.ActiveCfg = Debug|Any CPU
		{9CA337E3-E766-471D-B172-3EC72FF054B8}.Debug|Any CPU.Build.0 = Debug|Any CPU
		{9CA337E3-E766-471D-B172-3EC72FF054B8}.Release|Any CPU.ActiveCfg = Release|Any CPU
		{9CA337E3-E766-471D-B172-3EC72FF054B8}.Release|Any CPU.Build.0 = Release|Any CPU
		{798CD26C-A4BF-4602-89EA-34F0D54990C3}.Debug|Any CPU.ActiveCfg = Debug|Any CPU
		{798CD26C-A4BF-4602-89EA-34F0D54990C3}.Debug|Any CPU.Build.0 = Debug|Any CPU
		{798CD26C-A4BF-4602-89EA-34F0D54990C3}.Release|Any CPU.ActiveCfg = Release|Any CPU
		{798CD26C-A4BF-4602-89EA-34F0D54990C3}.Release|Any CPU.Build.0 = Release|Any CPU
		{725321C2-136B-43D3-AE34-FBEF78FAAB4D}.Debug|Any CPU.ActiveCfg = Debug|Any CPU
		{725321C2-136B-43D3-AE34-FBEF78FAAB4D}.Debug|Any CPU.Build.0 = Debug|Any CPU
		{725321C2-136B-43D3-AE34-FBEF78FAAB4D}.Release|Any CPU.ActiveCfg = Release|Any CPU
		{725321C2-136B-43D3-AE34-FBEF78FAAB4D}.Release|Any CPU.Build.0 = Release|Any CPU
		{25DA3CAE-C686-4677-A78B-569C94C87C9D}.Debug|Any CPU.ActiveCfg = Debug|Any CPU
		{25DA3CAE-C686-4677-A78B-569C94C87C9D}.Debug|Any CPU.Build.0 = Debug|Any CPU
		{25DA3CAE-C686-4677-A78B-569C94C87C9D}.Release|Any CPU.ActiveCfg = Release|Any CPU
		{25DA3CAE-C686-4677-A78B-569C94C87C9D}.Release|Any CPU.Build.0 = Release|Any CPU
		{CEF7E7D4-B6C6-4079-8E62-D24B1E077C22}.Debug|Any CPU.ActiveCfg = Debug|Any CPU
		{CEF7E7D4-B6C6-4079-8E62-D24B1E077C22}.Debug|Any CPU.Build.0 = Debug|Any CPU
		{CEF7E7D4-B6C6-4079-8E62-D24B1E077C22}.Release|Any CPU.ActiveCfg = Release|Any CPU
		{CEF7E7D4-B6C6-4079-8E62-D24B1E077C22}.Release|Any CPU.Build.0 = Release|Any CPU
	EndGlobalSection
	GlobalSection(SolutionProperties) = preSolution
		HideSolutionNode = FALSE
	EndGlobalSection
	GlobalSection(NestedProjects) = preSolution
		{D3346615-CE2E-414B-A847-504458EFA207} = {B55EF854-FBD8-43E5-B693-835E92C58EB1}
		{96CBE4F5-0353-45C3-9BB0-D725C3C557ED} = {B55EF854-FBD8-43E5-B693-835E92C58EB1}
		{9C1635CF-260C-4E29-AB50-648AC985215D} = {B55EF854-FBD8-43E5-B693-835E92C58EB1}
		{07A2DFAE-631A-4E69-81C9-7EC3B6DB72F8} = {B55EF854-FBD8-43E5-B693-835E92C58EB1}
		{E6739CCA-F5EB-4749-AC57-14BB7B7C343A} = {D3346615-CE2E-414B-A847-504458EFA207}
		{A9DA02A1-9888-4E68-9BA4-053DB108A2F3} = {D3346615-CE2E-414B-A847-504458EFA207}
		{8F3FA6B9-2A2B-4C4C-8BDD-C457CB95CF30} = {D3346615-CE2E-414B-A847-504458EFA207}
		{94BECCE1-0BCE-46D6-84B4-8B0590FD1D37} = {96CBE4F5-0353-45C3-9BB0-D725C3C557ED}
		{0B017803-83DE-4BDD-901A-99C5560F86B1} = {9C1635CF-260C-4E29-AB50-648AC985215D}
		{7DDDB9CA-3FD8-44B6-A1D5-42FB7D864620} = {E6739CCA-F5EB-4749-AC57-14BB7B7C343A}
		{4F5D2F3C-7B87-4742-913C-FEC0F8B57DF0} = {A9DA02A1-9888-4E68-9BA4-053DB108A2F3}
		{904A74C0-5DFF-45A1-9331-2A94CE9D50BE} = {E6739CCA-F5EB-4749-AC57-14BB7B7C343A}
		{9CA337E3-E766-471D-B172-3EC72FF054B8} = {8F3FA6B9-2A2B-4C4C-8BDD-C457CB95CF30}
		{798CD26C-A4BF-4602-89EA-34F0D54990C3} = {07A2DFAE-631A-4E69-81C9-7EC3B6DB72F8}
		{725321C2-136B-43D3-AE34-FBEF78FAAB4D} = {07A2DFAE-631A-4E69-81C9-7EC3B6DB72F8}
		{25DA3CAE-C686-4677-A78B-569C94C87C9D} = {07A2DFAE-631A-4E69-81C9-7EC3B6DB72F8}
		{CEF7E7D4-B6C6-4079-8E62-D24B1E077C22} = {94BECCE1-0BCE-46D6-84B4-8B0590FD1D37}
	EndGlobalSection
	GlobalSection(ExtensibilityGlobals) = postSolution
		SolutionGuid = {E589766E-F9CC-4835-8E02-DDF514B66C18}
	EndGlobalSection
EndGlobal
